
Microsoft Visual Studio Solution File, Format Version 12.00
# Visual Studio Version 16
VisualStudioVersion = 16.0.32413.511
MinimumVisualStudioVersion = 10.0.40219.1
Project("{FAE04EC0-301F-11D3-BF4B-00C04F79EFBC}") = "RoomsNumber", "RoomsNumber\RoomsNumber.csproj", "{84589D4B-8979-4D43-AFA8-C4DFA1136EB9}"
EndProject
Global
	GlobalSection(SolutionConfigurationPlatforms) = preSolution
		Debug|Any CPU = Debug|Any CPU
		Release|Any CPU = Release|Any CPU
	EndGlobalSection
	GlobalSection(ProjectConfigurationPlatforms) = postSolution
		{84589D4B-8979-4D43-AFA8-C4DFA1136EB9}.Debug|Any CPU.ActiveCfg = Debug|Any CPU
		{84589D4B-8979-4D43-AFA8-C4DFA1136EB9}.Debug|Any CPU.Build.0 = Debug|Any CPU
		{84589D4B-8979-4D43-AFA8-C4DFA1136EB9}.Release|Any CPU.ActiveCfg = Release|Any CPU
		{84589D4B-8979-4D43-AFA8-C4DFA1136EB9}.Release|Any CPU.Build.0 = Release|Any CPU
	EndGlobalSection
	GlobalSection(SolutionProperties) = preSolution
		HideSolutionNode = FALSE
	EndGlobalSection
	GlobalSection(ExtensibilityGlobals) = postSolution
		SolutionGuid = {55F57DD5-B244-4E51-9631-6435F7DF0BF4}
	EndGlobalSection
EndGlobal
